
Microsoft Visual Studio Solution File, Format Version 12.00
# Visual Studio Version 16
VisualStudioVersion = 16.0.31025.194
MinimumVisualStudioVersion = 10.0.40219.1
Project("{FAE04EC0-301F-11D3-BF4B-00C04F79EFBC}") = "Challenge-Compilers", "Challenge-Compilers\Challenge-Compilers.csproj", "{B728C310-8443-4D4B-B4F6-5DEB03113697}"
EndProject
Global
	GlobalSection(SolutionConfigurationPlatforms) = preSolution
		Debug|Any CPU = Debug|Any CPU
		Release|Any CPU = Release|Any CPU
	EndGlobalSection
	GlobalSection(ProjectConfigurationPlatforms) = postSolution
		{B728C310-8443-4D4B-B4F6-5DEB03113697}.Debug|Any CPU.ActiveCfg = Debug|Any CPU
		{B728C310-8443-4D4B-B4F6-5DEB03113697}.Debug|Any CPU.Build.0 = Debug|Any CPU
		{B728C310-8443-4D4B-B4F6-5DEB03113697}.Release|Any CPU.ActiveCfg = Release|Any CPU
		{B728C310-8443-4D4B-B4F6-5DEB03113697}.Release|Any CPU.Build.0 = Release|Any CPU
	EndGlobalSection
	GlobalSection(SolutionProperties) = preSolution
		HideSolutionNode = FALSE
	EndGlobalSection
	GlobalSection(ExtensibilityGlobals) = postSolution
		SolutionGuid = {8F5F6B1E-A8D7-43BD-A243-A0AA9D82C5E7}
	EndGlobalSection
EndGlobal
